
Microsoft Visual Studio Solution File, Format Version 12.00
# Visual Studio Version 17
VisualStudioVersion = 17.5.002.0
MinimumVisualStudioVersion = 10.0.40219.1
Project("{9A19103F-16F7-4668-BE54-9A1E7A4F7556}") = "FrancisMod", "FrancisMod.csproj", "{67285126-84E8-4424-9A76-DCC8A2B1D7ED}"
EndProject
Global
	GlobalSection(SolutionConfigurationPlatforms) = preSolution
		Debug|Any CPU = Debug|Any CPU
		Release|Any CPU = Release|Any CPU
	EndGlobalSection
	GlobalSection(ProjectConfigurationPlatforms) = postSolution
		{67285126-84E8-4424-9A76-DCC8A2B1D7ED}.Debug|Any CPU.ActiveCfg = Debug|Any CPU
		{67285126-84E8-4424-9A76-DCC8A2B1D7ED}.Debug|Any CPU.Build.0 = Debug|Any CPU
		{67285126-84E8-4424-9A76-DCC8A2B1D7ED}.Release|Any CPU.ActiveCfg = Release|Any CPU
		{67285126-84E8-4424-9A76-DCC8A2B1D7ED}.Release|Any CPU.Build.0 = Release|Any CPU
	EndGlobalSection
	GlobalSection(SolutionProperties) = preSolution
		HideSolutionNode = FALSE
	EndGlobalSection
	GlobalSection(ExtensibilityGlobals) = postSolution
		SolutionGuid = {7850527E-1C49-41E1-9900-8B7BDA003132}
	EndGlobalSection
EndGlobal
